# THIS IS AN AUTOGENERATED FILE. DO NOT EDIT THIS FILE DIRECTLY.
# yarn lockfile v1
asn1@~0.2.0:
  version "0.2.3"
  resolved "https://registry.yarnpkg.com/asn1/-/asn1-0.2.3.tgz#dac8787713c9966849fc8180777ebe9c1ddf3b86"

"photon@github:connors/photon":
  version "0.1.2"
  resolved "https://codeload.github.com/connors/photon/tar.gz/5a1a8ef12fa9e16559ac090baef667707399a1c3"

semver@^5.1.0:
  version "5.3.0"
  resolved "https://registry.yarnpkg.com/semver/-/semver-5.3.0.tgz#9b2ce5d3de02d17c6012ad326aa6b4d0cf54f94f"

ssh2-streams@~0.1.9:
  version "0.1.12"
  resolved "https://registry.yarnpkg.com/ssh2-streams/-/ssh2-streams-0.1.12.tgz#828a969638b8969eb5a4ff200fa9af6c760fcd35"
  dependencies:
    asn1 "~0.2.0"
    semver "^5.1.0"
    streamsearch "~0.1.2"

ssh2@^0.5.2:
  version "0.5.2"
  resolved "https://registry.yarnpkg.com/ssh2/-/ssh2-0.5.2.tgz#58ab2aaa96b796e28858f1de676054121607b69d"
  dependencies:
    ssh2-streams "~0.1.9"

streamsearch@~0.1.2:
  version "0.1.2"
  resolved "https://registry.yarnpkg.com/streamsearch/-/streamsearch-0.1.2.tgz#808b9d0e56fc273d809ba57338e929919a1a9f1a"

uuid@^2.0.3:
  version "2.0.3"
  resolved "https://registry.yarnpkg.com/uuid/-/uuid-2.0.3.tgz#67e2e863797215530dff318e5bf9dcebfd47b21a"

vue-electron@^1.0.0:
  version "1.0.4"
  resolved "https://registry.yarnpkg.com/vue-electron/-/vue-electron-1.0.4.tgz#fe4e70e0b6a9e7d58823f42692eb9a2302856ce1"

vue-router@^2.0.0:
  version "2.0.1"
  resolved "https://registry.yarnpkg.com/vue-router/-/vue-router-2.0.1.tgz#88b83cdc9497bad5b20b579e847a7e7240e221dd"

vue@^2.0.1:
  version "2.0.3"
  resolved "https://registry.yarnpkg.com/vue/-/vue-2.0.3.tgz#3f7698f83d6ad1f0e35955447901672876c63fde"

vuex-localstorage@^0.2.1:
  version "0.2.1"
  resolved "https://registry.yarnpkg.com/vuex-localstorage/-/vuex-localstorage-0.2.1.tgz#39b428533e572b362e8816c0151f93c812db6597"

vuex@^2.0.0:
  version "2.0.0"
  resolved "https://registry.yarnpkg.com/vuex/-/vuex-2.0.0.tgz#26befa44de220f009e432d1027487bff29571cee"

